
Microsoft Visual Studio Solution File, Format Version 12.00
# Visual Studio 14
VisualStudioVersion = 14.0.25420.1
MinimumVisualStudioVersion = 10.0.40219.1
Project("{2150E333-8FDC-42A3-9474-1A3956D46DE8}") = "0 - Apresentation", "0 - Apresentation", "{75424386-F3B2-4746-84D4-0FC7F1427B7F}"
EndProject
Project("{2150E333-8FDC-42A3-9474-1A3956D46DE8}") = "1 - Services", "1 - Services", "{83B77829-3201-4DBC-B0DC-3065946C3936}"
EndProject
Project("{2150E333-8FDC-42A3-9474-1A3956D46DE8}") = "2 - Application", "2 - Application", "{98DC2419-94D7-4CD9-B797-1C853623C4C4}"
EndProject
Project("{2150E333-8FDC-42A3-9474-1A3956D46DE8}") = "3 - Domain", "3 - Domain", "{7A9ABB80-0209-404F-B572-A610994576D4}"
EndProject
Project("{2150E333-8FDC-42A3-9474-1A3956D46DE8}") = "4 - Infra", "4 - Infra", "{16689C88-9976-4F14-AB05-2519A713AFDE}"
EndProject
Project("{2150E333-8FDC-42A3-9474-1A3956D46DE8}") = "4.1 - CrossCutting", "4.1 - CrossCutting", "{C39D8EE2-1351-4762-9115-C215903A5627}"
EndProject
Project("{2150E333-8FDC-42A3-9474-1A3956D46DE8}") = "4.2 - Data", "4.2 - Data", "{1AE2B58A-B769-45F4-B3B7-BD501529E6DB}"
EndProject
Project("{FAE04EC0-301F-11D3-BF4B-00C04F79EFBC}") = "LTM.MVC", "LTM.MVC\LTM.MVC.csproj", "{6E00426C-AE33-4981-908A-D5754D845DA1}"
EndProject
Project("{FAE04EC0-301F-11D3-BF4B-00C04F79EFBC}") = "LTM.Domain", "LTM.Domain\LTM.Domain.csproj", "{E6FCED7C-053E-49D9-B3CB-F5BEA8376BA8}"
EndProject
Project("{FAE04EC0-301F-11D3-BF4B-00C04F79EFBC}") = "LTM.Infra.Data", "LTM.Infra.Data\LTM.Infra.Data.csproj", "{C245CAED-F2AB-40C8-91A1-285AC908D41C}"
EndProject
Project("{FAE04EC0-301F-11D3-BF4B-00C04F79EFBC}") = "LTM.Application", "LTM.Application\LTM.Application.csproj", "{8F280A03-289F-42E5-9312-1BCE4C302713}"
EndProject
Global
	GlobalSection(SolutionConfigurationPlatforms) = preSolution
		Debug|Any CPU = Debug|Any CPU
		Release|Any CPU = Release|Any CPU
	EndGlobalSection
	GlobalSection(ProjectConfigurationPlatforms) = postSolution
		{6E00426C-AE33-4981-908A-D5754D845DA1}.Debug|Any CPU.ActiveCfg = Debug|Any CPU
		{6E00426C-AE33-4981-908A-D5754D845DA1}.Debug|Any CPU.Build.0 = Debug|Any CPU
		{6E00426C-AE33-4981-908A-D5754D845DA1}.Release|Any CPU.ActiveCfg = Release|Any CPU
		{6E00426C-AE33-4981-908A-D5754D845DA1}.Release|Any CPU.Build.0 = Release|Any CPU
		{E6FCED7C-053E-49D9-B3CB-F5BEA8376BA8}.Debug|Any CPU.ActiveCfg = Debug|Any CPU
		{E6FCED7C-053E-49D9-B3CB-F5BEA8376BA8}.Debug|Any CPU.Build.0 = Debug|Any CPU
		{E6FCED7C-053E-49D9-B3CB-F5BEA8376BA8}.Release|Any CPU.ActiveCfg = Release|Any CPU
		{E6FCED7C-053E-49D9-B3CB-F5BEA8376BA8}.Release|Any CPU.Build.0 = Release|Any CPU
		{C245CAED-F2AB-40C8-91A1-285AC908D41C}.Debug|Any CPU.ActiveCfg = Debug|Any CPU
		{C245CAED-F2AB-40C8-91A1-285AC908D41C}.Debug|Any CPU.Build.0 = Debug|Any CPU
		{C245CAED-F2AB-40C8-91A1-285AC908D41C}.Release|Any CPU.ActiveCfg = Release|Any CPU
		{C245CAED-F2AB-40C8-91A1-285AC908D41C}.Release|Any CPU.Build.0 = Release|Any CPU
		{8F280A03-289F-42E5-9312-1BCE4C302713}.Debug|Any CPU.ActiveCfg = Debug|Any CPU
		{8F280A03-289F-42E5-9312-1BCE4C302713}.Debug|Any CPU.Build.0 = Debug|Any CPU
		{8F280A03-289F-42E5-9312-1BCE4C302713}.Release|Any CPU.ActiveCfg = Release|Any CPU
		{8F280A03-289F-42E5-9312-1BCE4C302713}.Release|Any CPU.Build.0 = Release|Any CPU
	EndGlobalSection
	GlobalSection(SolutionProperties) = preSolution
		HideSolutionNode = FALSE
	EndGlobalSection
	GlobalSection(NestedProjects) = preSolution
		{C39D8EE2-1351-4762-9115-C215903A5627} = {16689C88-9976-4F14-AB05-2519A713AFDE}
		{1AE2B58A-B769-45F4-B3B7-BD501529E6DB} = {16689C88-9976-4F14-AB05-2519A713AFDE}
		{6E00426C-AE33-4981-908A-D5754D845DA1} = {75424386-F3B2-4746-84D4-0FC7F1427B7F}
		{E6FCED7C-053E-49D9-B3CB-F5BEA8376BA8} = {7A9ABB80-0209-404F-B572-A610994576D4}
		{C245CAED-F2AB-40C8-91A1-285AC908D41C} = {1AE2B58A-B769-45F4-B3B7-BD501529E6DB}
		{8F280A03-289F-42E5-9312-1BCE4C302713} = {98DC2419-94D7-4CD9-B797-1C853623C4C4}
	EndGlobalSection
EndGlobal
